
Microsoft Visual Studio Solution File, Format Version 12.00
# Visual Studio Version 17
VisualStudioVersion = 17.11.35312.102
MinimumVisualStudioVersion = 10.0.40219.1
Project("{2150E333-8FDC-42A3-9474-1A3956D46DE8}") = "Services", "Services", "{30452EB5-B350-4016-BFEE-8D98AAB8052B}"
EndProject
Project("{2150E333-8FDC-42A3-9474-1A3956D46DE8}") = "ServiceContracts", "ServiceContracts", "{69C6A917-F6EB-4FA7-9A43-DF4F7C4A40D1}"
EndProject
Project("{9A19103F-16F7-4668-BE54-9A1E7A4F7556}") = "UserServiceContracts", "ServiceContracts\UserServiceContracts\UserServiceContracts.csproj", "{513588CE-DFBE-48FF-9F3E-928AE9216FC0}"
EndProject
Project("{9A19103F-16F7-4668-BE54-9A1E7A4F7556}") = "UserService", "Services\UserService\UserService.csproj", "{1248296F-637F-4C2F-9997-E01151A84F74}"
EndProject
Project("{FAE04EC0-301F-11D3-BF4B-00C04F79EFBC}") = "MenuServiceContracts", "ServiceContracts\MenuServiceContracts\MenuServiceContracts.csproj", "{0F3108FB-AAFD-4D05-86DD-3687F156B863}"
EndProject
Project("{FAE04EC0-301F-11D3-BF4B-00C04F79EFBC}") = "MenuService", "Services\MenuService\MenuService.csproj", "{ED1CE828-A6F6-4994-9F83-FA16C68D27F8}"
EndProject
Project("{FAE04EC0-301F-11D3-BF4B-00C04F79EFBC}") = "OrderServiceContracts", "ServiceContracts\OrderServiceContracts\OrderServiceContracts.csproj", "{F8C2DE4D-E6EA-42F9-AA40-F99DFDAA0771}"
EndProject
Project("{FAE04EC0-301F-11D3-BF4B-00C04F79EFBC}") = "OrderService", "Services\OrderService\OrderService.csproj", "{E6C05FC3-585C-43D7-9081-CC950B8EAF85}"
EndProject
Project("{2150E333-8FDC-42A3-9474-1A3956D46DE8}") = "Core", "Core", "{6BD27404-B112-4469-B5E8-21CAA991456D}"
EndProject
Project("{FAE04EC0-301F-11D3-BF4B-00C04F79EFBC}") = "Messaging", "Core\Messaging\Messaging.csproj", "{5B72D3C5-3DE2-440F-89A2-588132E214B2}"
EndProject
Project("{FAE04EC0-301F-11D3-BF4B-00C04F79EFBC}") = "Models", "Core\Models\Models.csproj", "{2259ED31-A3E0-4217-8FCD-9170BE99DEA7}"
EndProject
Project("{FAE04EC0-301F-11D3-BF4B-00C04F79EFBC}") = "HttpClient", "Core\ServiceClient\HttpClient.csproj", "{C8AE632B-8D1E-457B-924C-F31A92B01027}"
EndProject
Project("{FAE04EC0-301F-11D3-BF4B-00C04F79EFBC}") = "Utilities", "Core\Utilities\Utilities.csproj", "{496CB3E6-03FF-4E68-8AF6-73F13743B36B}"
EndProject
Project("{FAE04EC0-301F-11D3-BF4B-00C04F79EFBC}") = "PaymentService", "Services\PaymentService\PaymentService.csproj", "{F0FF2236-72AE-45BA-9AA0-090BF4F733BC}"
EndProject
Project("{FAE04EC0-301F-11D3-BF4B-00C04F79EFBC}") = "NotificationService", "Services\NotificationService\NotificationService.csproj", "{336B4B11-FA0E-4786-A4DC-7A12398345A7}"
EndProject
Project("{FAE04EC0-301F-11D3-BF4B-00C04F79EFBC}") = "NotificationServiceContracts", "ServiceContracts\NotificationServiceContracts\NotificationServiceContracts.csproj", "{6918FBCC-DE97-4A5A-BEFB-240B0E9B735C}"
EndProject
Project("{FAE04EC0-301F-11D3-BF4B-00C04F79EFBC}") = "PaymentServiceContracts", "ServiceContracts\PaymentServiceContracts\PaymentServiceContracts.csproj", "{DA7A2C43-BDA0-47A1-B213-408728C45B81}"
EndProject
Global
	GlobalSection(SolutionConfigurationPlatforms) = preSolution
		Debug|Any CPU = Debug|Any CPU
		Release|Any CPU = Release|Any CPU
	EndGlobalSection
	GlobalSection(ProjectConfigurationPlatforms) = postSolution
		{513588CE-DFBE-48FF-9F3E-928AE9216FC0}.Debug|Any CPU.ActiveCfg = Debug|Any CPU
		{513588CE-DFBE-48FF-9F3E-928AE9216FC0}.Debug|Any CPU.Build.0 = Debug|Any CPU
		{513588CE-DFBE-48FF-9F3E-928AE9216FC0}.Release|Any CPU.ActiveCfg = Release|Any CPU
		{513588CE-DFBE-48FF-9F3E-928AE9216FC0}.Release|Any CPU.Build.0 = Release|Any CPU
		{1248296F-637F-4C2F-9997-E01151A84F74}.Debug|Any CPU.ActiveCfg = Debug|Any CPU
		{1248296F-637F-4C2F-9997-E01151A84F74}.Debug|Any CPU.Build.0 = Debug|Any CPU
		{1248296F-637F-4C2F-9997-E01151A84F74}.Release|Any CPU.ActiveCfg = Release|Any CPU
		{1248296F-637F-4C2F-9997-E01151A84F74}.Release|Any CPU.Build.0 = Release|Any CPU
		{0F3108FB-AAFD-4D05-86DD-3687F156B863}.Debug|Any CPU.ActiveCfg = Debug|Any CPU
		{0F3108FB-AAFD-4D05-86DD-3687F156B863}.Debug|Any CPU.Build.0 = Debug|Any CPU
		{0F3108FB-AAFD-4D05-86DD-3687F156B863}.Release|Any CPU.ActiveCfg = Release|Any CPU
		{0F3108FB-AAFD-4D05-86DD-3687F156B863}.Release|Any CPU.Build.0 = Release|Any CPU
		{ED1CE828-A6F6-4994-9F83-FA16C68D27F8}.Debug|Any CPU.ActiveCfg = Debug|Any CPU
		{ED1CE828-A6F6-4994-9F83-FA16C68D27F8}.Debug|Any CPU.Build.0 = Debug|Any CPU
		{ED1CE828-A6F6-4994-9F83-FA16C68D27F8}.Release|Any CPU.ActiveCfg = Release|Any CPU
		{ED1CE828-A6F6-4994-9F83-FA16C68D27F8}.Release|Any CPU.Build.0 = Release|Any CPU
		{F8C2DE4D-E6EA-42F9-AA40-F99DFDAA0771}.Debug|Any CPU.ActiveCfg = Debug|Any CPU
		{F8C2DE4D-E6EA-42F9-AA40-F99DFDAA0771}.Debug|Any CPU.Build.0 = Debug|Any CPU
		{F8C2DE4D-E6EA-42F9-AA40-F99DFDAA0771}.Release|Any CPU.ActiveCfg = Release|Any CPU
		{F8C2DE4D-E6EA-42F9-AA40-F99DFDAA0771}.Release|Any CPU.Build.0 = Release|Any CPU
		{E6C05FC3-585C-43D7-9081-CC950B8EAF85}.Debug|Any CPU.ActiveCfg = Debug|Any CPU
		{E6C05FC3-585C-43D7-9081-CC950B8EAF85}.Debug|Any CPU.Build.0 = Debug|Any CPU
		{E6C05FC3-585C-43D7-9081-CC950B8EAF85}.Release|Any CPU.ActiveCfg = Release|Any CPU
		{E6C05FC3-585C-43D7-9081-CC950B8EAF85}.Release|Any CPU.Build.0 = Release|Any CPU
		{5B72D3C5-3DE2-440F-89A2-588132E214B2}.Debug|Any CPU.ActiveCfg = Debug|Any CPU
		{5B72D3C5-3DE2-440F-89A2-588132E214B2}.Debug|Any CPU.Build.0 = Debug|Any CPU
		{5B72D3C5-3DE2-440F-89A2-588132E214B2}.Release|Any CPU.ActiveCfg = Release|Any CPU
		{5B72D3C5-3DE2-440F-89A2-588132E214B2}.Release|Any CPU.Build.0 = Release|Any CPU
		{2259ED31-A3E0-4217-8FCD-9170BE99DEA7}.Debug|Any CPU.ActiveCfg = Debug|Any CPU
		{2259ED31-A3E0-4217-8FCD-9170BE99DEA7}.Debug|Any CPU.Build.0 = Debug|Any CPU
		{2259ED31-A3E0-4217-8FCD-9170BE99DEA7}.Release|Any CPU.ActiveCfg = Release|Any CPU
		{2259ED31-A3E0-4217-8FCD-9170BE99DEA7}.Release|Any CPU.Build.0 = Release|Any CPU
		{C8AE632B-8D1E-457B-924C-F31A92B01027}.Debug|Any CPU.ActiveCfg = Debug|Any CPU
		{C8AE632B-8D1E-457B-924C-F31A92B01027}.Debug|Any CPU.Build.0 = Debug|Any CPU
		{C8AE632B-8D1E-457B-924C-F31A92B01027}.Release|Any CPU.ActiveCfg = Release|Any CPU
		{C8AE632B-8D1E-457B-924C-F31A92B01027}.Release|Any CPU.Build.0 = Release|Any CPU
		{496CB3E6-03FF-4E68-8AF6-73F13743B36B}.Debug|Any CPU.ActiveCfg = Debug|Any CPU
		{496CB3E6-03FF-4E68-8AF6-73F13743B36B}.Debug|Any CPU.Build.0 = Debug|Any CPU
		{496CB3E6-03FF-4E68-8AF6-73F13743B36B}.Release|Any CPU.ActiveCfg = Release|Any CPU
		{496CB3E6-03FF-4E68-8AF6-73F13743B36B}.Release|Any CPU.Build.0 = Release|Any CPU
		{F0FF2236-72AE-45BA-9AA0-090BF4F733BC}.Debug|Any CPU.ActiveCfg = Debug|Any CPU
		{F0FF2236-72AE-45BA-9AA0-090BF4F733BC}.Debug|Any CPU.Build.0 = Debug|Any CPU
		{F0FF2236-72AE-45BA-9AA0-090BF4F733BC}.Release|Any CPU.ActiveCfg = Release|Any CPU
		{F0FF2236-72AE-45BA-9AA0-090BF4F733BC}.Release|Any CPU.Build.0 = Release|Any CPU
		{336B4B11-FA0E-4786-A4DC-7A12398345A7}.Debug|Any CPU.ActiveCfg = Debug|Any CPU
		{336B4B11-FA0E-4786-A4DC-7A12398345A7}.Debug|Any CPU.Build.0 = Debug|Any CPU
		{336B4B11-FA0E-4786-A4DC-7A12398345A7}.Release|Any CPU.ActiveCfg = Release|Any CPU
		{336B4B11-FA0E-4786-A4DC-7A12398345A7}.Release|Any CPU.Build.0 = Release|Any CPU
		{6918FBCC-DE97-4A5A-BEFB-240B0E9B735C}.Debug|Any CPU.ActiveCfg = Debug|Any CPU
		{6918FBCC-DE97-4A5A-BEFB-240B0E9B735C}.Debug|Any CPU.Build.0 = Debug|Any CPU
		{6918FBCC-DE97-4A5A-BEFB-240B0E9B735C}.Release|Any CPU.ActiveCfg = Release|Any CPU
		{6918FBCC-DE97-4A5A-BEFB-240B0E9B735C}.Release|Any CPU.Build.0 = Release|Any CPU
		{DA7A2C43-BDA0-47A1-B213-408728C45B81}.Debug|Any CPU.ActiveCfg = Debug|Any CPU
		{DA7A2C43-BDA0-47A1-B213-408728C45B81}.Debug|Any CPU.Build.0 = Debug|Any CPU
		{DA7A2C43-BDA0-47A1-B213-408728C45B81}.Release|Any CPU.ActiveCfg = Release|Any CPU
		{DA7A2C43-BDA0-47A1-B213-408728C45B81}.Release|Any CPU.Build.0 = Release|Any CPU
	EndGlobalSection
	GlobalSection(SolutionProperties) = preSolution
		HideSolutionNode = FALSE
	EndGlobalSection
	GlobalSection(NestedProjects) = preSolution
		{513588CE-DFBE-48FF-9F3E-928AE9216FC0} = {69C6A917-F6EB-4FA7-9A43-DF4F7C4A40D1}
		{1248296F-637F-4C2F-9997-E01151A84F74} = {30452EB5-B350-4016-BFEE-8D98AAB8052B}
		{0F3108FB-AAFD-4D05-86DD-3687F156B863} = {69C6A917-F6EB-4FA7-9A43-DF4F7C4A40D1}
		{ED1CE828-A6F6-4994-9F83-FA16C68D27F8} = {30452EB5-B350-4016-BFEE-8D98AAB8052B}
		{F8C2DE4D-E6EA-42F9-AA40-F99DFDAA0771} = {69C6A917-F6EB-4FA7-9A43-DF4F7C4A40D1}
		{E6C05FC3-585C-43D7-9081-CC950B8EAF85} = {30452EB5-B350-4016-BFEE-8D98AAB8052B}
		{5B72D3C5-3DE2-440F-89A2-588132E214B2} = {6BD27404-B112-4469-B5E8-21CAA991456D}
		{2259ED31-A3E0-4217-8FCD-9170BE99DEA7} = {6BD27404-B112-4469-B5E8-21CAA991456D}
		{C8AE632B-8D1E-457B-924C-F31A92B01027} = {6BD27404-B112-4469-B5E8-21CAA991456D}
		{496CB3E6-03FF-4E68-8AF6-73F13743B36B} = {6BD27404-B112-4469-B5E8-21CAA991456D}
		{F0FF2236-72AE-45BA-9AA0-090BF4F733BC} = {30452EB5-B350-4016-BFEE-8D98AAB8052B}
		{336B4B11-FA0E-4786-A4DC-7A12398345A7} = {30452EB5-B350-4016-BFEE-8D98AAB8052B}
		{6918FBCC-DE97-4A5A-BEFB-240B0E9B735C} = {69C6A917-F6EB-4FA7-9A43-DF4F7C4A40D1}
		{DA7A2C43-BDA0-47A1-B213-408728C45B81} = {69C6A917-F6EB-4FA7-9A43-DF4F7C4A40D1}
	EndGlobalSection
	GlobalSection(ExtensibilityGlobals) = postSolution
		SolutionGuid = {C7F7B38D-4B21-4EB5-B9CA-A50943FE3BB0}
	EndGlobalSection
EndGlobal
